
Microsoft Visual Studio Solution File, Format Version 12.00
# Visual Studio 15
VisualStudioVersion = 15.0.27428.2005
MinimumVisualStudioVersion = 10.0.40219.1
Project("{2150E333-8FDC-42A3-9474-1A3956D46DE8}") = "0 - Apresentação", "0 - Apresentação", "{069EE7FF-CBD2-4EC5-ACC2-DD988C9307CE}"
EndProject
Project("{2150E333-8FDC-42A3-9474-1A3956D46DE8}") = "1 - Serviços", "1 - Serviços", "{523E0657-63BA-4A94-B06E-4EF2613877C1}"
EndProject
Project("{2150E333-8FDC-42A3-9474-1A3956D46DE8}") = "2 -Aplicação", "2 -Aplicação", "{82ECAFEA-5260-4D16-B93D-4A097073C9D3}"
EndProject
Project("{2150E333-8FDC-42A3-9474-1A3956D46DE8}") = "3 - Domínio", "3 - Domínio", "{4A0DA900-6C24-4D8D-AD54-85657B96BCA8}"
EndProject
Project("{2150E333-8FDC-42A3-9474-1A3956D46DE8}") = "4 - Infraestrutura", "4 - Infraestrutura", "{229074C7-1C41-4993-B63C-7DBFD0E45D91}"
EndProject
Project("{2150E333-8FDC-42A3-9474-1A3956D46DE8}") = "4.1 - Dados", "4.1 - Dados", "{5D99897F-EEC5-41E6-8BB9-DD2F065DC76A}"
EndProject
Project("{2150E333-8FDC-42A3-9474-1A3956D46DE8}") = "4.2 - CrossCutting", "4.2 - CrossCutting", "{B525EC34-7187-41E7-8422-7FF37C46B48A}"
EndProject
Project("{2150E333-8FDC-42A3-9474-1A3956D46DE8}") = "0.1 - MVC", "0.1 - MVC", "{A12A565F-DD36-4914-8D75-82DEBDD40BAB}"
EndProject
Project("{FAE04EC0-301F-11D3-BF4B-00C04F79EFBC}") = "DDDDemo.MVC", "DDDDemo.MVC\DDDDemo.MVC.csproj", "{D9A5360C-CD2B-4227-BB29-47ED90767B50}"
EndProject
Project("{FAE04EC0-301F-11D3-BF4B-00C04F79EFBC}") = "DDDDemo.Dominio", "DDDDemo.Dominio\DDDDemo.Dominio.csproj", "{E675B0D0-9862-40CA-9122-44BED7A2B7D1}"
EndProject
Global
	GlobalSection(SolutionConfigurationPlatforms) = preSolution
		Debug|Any CPU = Debug|Any CPU
		Release|Any CPU = Release|Any CPU
	EndGlobalSection
	GlobalSection(ProjectConfigurationPlatforms) = postSolution
		{D9A5360C-CD2B-4227-BB29-47ED90767B50}.Debug|Any CPU.ActiveCfg = Debug|Any CPU
		{D9A5360C-CD2B-4227-BB29-47ED90767B50}.Debug|Any CPU.Build.0 = Debug|Any CPU
		{D9A5360C-CD2B-4227-BB29-47ED90767B50}.Release|Any CPU.ActiveCfg = Release|Any CPU
		{D9A5360C-CD2B-4227-BB29-47ED90767B50}.Release|Any CPU.Build.0 = Release|Any CPU
		{E675B0D0-9862-40CA-9122-44BED7A2B7D1}.Debug|Any CPU.ActiveCfg = Debug|Any CPU
		{E675B0D0-9862-40CA-9122-44BED7A2B7D1}.Debug|Any CPU.Build.0 = Debug|Any CPU
		{E675B0D0-9862-40CA-9122-44BED7A2B7D1}.Release|Any CPU.ActiveCfg = Release|Any CPU
		{E675B0D0-9862-40CA-9122-44BED7A2B7D1}.Release|Any CPU.Build.0 = Release|Any CPU
	EndGlobalSection
	GlobalSection(SolutionProperties) = preSolution
		HideSolutionNode = FALSE
	EndGlobalSection
	GlobalSection(NestedProjects) = preSolution
		{5D99897F-EEC5-41E6-8BB9-DD2F065DC76A} = {229074C7-1C41-4993-B63C-7DBFD0E45D91}
		{B525EC34-7187-41E7-8422-7FF37C46B48A} = {229074C7-1C41-4993-B63C-7DBFD0E45D91}
		{A12A565F-DD36-4914-8D75-82DEBDD40BAB} = {069EE7FF-CBD2-4EC5-ACC2-DD988C9307CE}
		{D9A5360C-CD2B-4227-BB29-47ED90767B50} = {A12A565F-DD36-4914-8D75-82DEBDD40BAB}
		{E675B0D0-9862-40CA-9122-44BED7A2B7D1} = {4A0DA900-6C24-4D8D-AD54-85657B96BCA8}
	EndGlobalSection
	GlobalSection(ExtensibilityGlobals) = postSolution
		SolutionGuid = {4E3E1992-63B9-4C54-9065-E4CCD9BF9A69}
	EndGlobalSection
EndGlobal
